
Microsoft Visual Studio Solution File, Format Version 12.00
# Visual Studio Version 16
VisualStudioVersion = 16.0.32106.194
MinimumVisualStudioVersion = 10.0.40219.1
Project("{8BC9CEB8-8B4A-11D0-8D11-00A0C91BC942}") = "PetDesktop", "PetDesktop.vcxproj", "{F57DBC8E-6481-4FB5-81F8-6FC2CC38183D}"
EndProject
Global
	GlobalSection(SolutionConfigurationPlatforms) = preSolution
		Debug|x64 = Debug|x64
		Release|x64 = Release|x64
	EndGlobalSection
	GlobalSection(ProjectConfigurationPlatforms) = postSolution
		{F57DBC8E-6481-4FB5-81F8-6FC2CC38183D}.Debug|x64.ActiveCfg = Debug|x64
		{F57DBC8E-6481-4FB5-81F8-6FC2CC38183D}.Debug|x64.Build.0 = Debug|x64
		{F57DBC8E-6481-4FB5-81F8-6FC2CC38183D}.Release|x64.ActiveCfg = Release|x64
		{F57DBC8E-6481-4FB5-81F8-6FC2CC38183D}.Release|x64.Build.0 = Release|x64
	EndGlobalSection
	GlobalSection(SolutionProperties) = preSolution
		HideSolutionNode = FALSE
	EndGlobalSection
	GlobalSection(ExtensibilityGlobals) = postSolution
		SolutionGuid = {D1120951-DEEB-475A-A1E7-3AC4E23C2A87}
	EndGlobalSection
EndGlobal
